
Microsoft Visual Studio Solution File, Format Version 12.00
# Visual Studio Version 17
VisualStudioVersion = 17.11.35431.28
MinimumVisualStudioVersion = 10.0.40219.1
Project("{9A19103F-16F7-4668-BE54-9A1E7A4F7556}") = "jac_prueba", "jac_prueba\jac_prueba.csproj", "{55C8D5F2-BF4E-46FB-A568-75C45FEF6CAF}"
EndProject
Global
	GlobalSection(SolutionConfigurationPlatforms) = preSolution
		Debug|Any CPU = Debug|Any CPU
		Release|Any CPU = Release|Any CPU
	EndGlobalSection
	GlobalSection(ProjectConfigurationPlatforms) = postSolution
		{55C8D5F2-BF4E-46FB-A568-75C45FEF6CAF}.Debug|Any CPU.ActiveCfg = Debug|Any CPU
		{55C8D5F2-BF4E-46FB-A568-75C45FEF6CAF}.Debug|Any CPU.Build.0 = Debug|Any CPU
		{55C8D5F2-BF4E-46FB-A568-75C45FEF6CAF}.Release|Any CPU.ActiveCfg = Release|Any CPU
		{55C8D5F2-BF4E-46FB-A568-75C45FEF6CAF}.Release|Any CPU.Build.0 = Release|Any CPU
	EndGlobalSection
	GlobalSection(SolutionProperties) = preSolution
		HideSolutionNode = FALSE
	EndGlobalSection
	GlobalSection(ExtensibilityGlobals) = postSolution
		SolutionGuid = {40F0406F-348A-43EE-88AD-C645C0B9BAE7}
	EndGlobalSection
EndGlobal
